
Microsoft Visual Studio Solution File, Format Version 12.00
# Visual Studio 15
VisualStudioVersion = 15.0.27130.2020
MinimumVisualStudioVersion = 10.0.40219.1
Project("{FAE04EC0-301F-11D3-BF4B-00C04F79EFBC}") = "Math.Lib", "Math.Lib\Math.Lib.csproj", "{D144709D-0854-44E2-B694-ADE8ED7B5FA4}"
EndProject
Global
	GlobalSection(SolutionConfigurationPlatforms) = preSolution
		Debug|Any CPU = Debug|Any CPU
		Release|Any CPU = Release|Any CPU
	EndGlobalSection
	GlobalSection(ProjectConfigurationPlatforms) = postSolution
		{D144709D-0854-44E2-B694-ADE8ED7B5FA4}.Debug|Any CPU.ActiveCfg = Debug|Any CPU
		{D144709D-0854-44E2-B694-ADE8ED7B5FA4}.Debug|Any CPU.Build.0 = Debug|Any CPU
		{D144709D-0854-44E2-B694-ADE8ED7B5FA4}.Release|Any CPU.ActiveCfg = Release|Any CPU
		{D144709D-0854-44E2-B694-ADE8ED7B5FA4}.Release|Any CPU.Build.0 = Release|Any CPU
	EndGlobalSection
	GlobalSection(SolutionProperties) = preSolution
		HideSolutionNode = FALSE
	EndGlobalSection
	GlobalSection(ExtensibilityGlobals) = postSolution
		SolutionGuid = {D42A3D3F-7C87-4A9E-A570-D15C15B7039E}
	EndGlobalSection
EndGlobal
